# This file was autogenerated by uv via the following command:
#    uv pip compile pyproject.toml --extra dev --python-version 3.12 -o requirements-dev.lock
annotated-doc==0.0.5
    # via fastapi
annotated-types==0.8.0
    # via pydantic
anyio==4.15.1
    # via
    #   httpx
    #   starlette
ast-serialize==0.11.2
    # via mypy
beautifulsoup4==4.15.0
    # via ukmoney-rag (pyproject.toml)
certifi==2026.7.22
    # via
    #   httpcore
    #   httpx
    #   requests
cfgv==3.5.0
    # via pre-commit
charset-normalizer==3.5.2
    # via requests
click==8.5.0
    # via
    #   huggingface-hub
    #   uvicorn
coverage==7.16.2
    # via pytest-cov
distlib==0.4.3
    # via virtualenv
fastapi==0.142.2
    # via ukmoney-rag (pyproject.toml)
fastembed==0.8.1
    # via ukmoney-rag (pyproject.toml)
filelock==4.0.8
    # via
    #   huggingface-hub
    #   python-discovery
    #   virtualenv
flatbuffers==25.12.19
    # via onnxruntime
fsspec==2026.9.0
    # via huggingface-hub
h11==0.16.0
    # via
    #   httpcore
    #   uvicorn
hf-xet==1.6.0
    # via huggingface-hub
httpcore==1.0.9
    # via httpx
httpx==0.28.1
    # via
    #   ukmoney-rag (pyproject.toml)
    #   huggingface-hub
huggingface-hub==1.33.0
    # via
    #   fastembed
    #   tokenizers
hypothesis==6.168.3
    # via ukmoney-rag (pyproject.toml)
identify==2.6.20
    # via pre-commit
idna==3.20
    # via
    #   anyio
    #   httpx
    #   requests
iniconfig==2.3.0
    # via pytest
librt==0.16.0
    # via mypy
loguru==0.7.3
    # via fastembed
mmh3==5.3.1
    # via fastembed
mypy==2.3.1
    # via ukmoney-rag (pyproject.toml)
mypy-extensions==1.1.0
    # via mypy
nodeenv==1.11.0
    # via pre-commit
numpy==2.5.3
    # via
    #   ukmoney-rag (pyproject.toml)
    #   fastembed
    #   onnxruntime
onnxruntime==1.30.0
    # via fastembed
opentelemetry-api==1.45.0
    # via fastapi
packaging==26.3
    # via
    #   huggingface-hub
    #   onnxruntime
    #   pytest
    #   virtualenv
pathspec==1.1.1
    # via mypy
pillow==12.3.0
    # via fastembed
platformdirs==4.12.2
    # via virtualenv
pluggy==1.6.0
    # via
    #   pytest
    #   pytest-cov
pre-commit==4.6.2
    # via ukmoney-rag (pyproject.toml)
protobuf==7.36.2
    # via onnxruntime
py-rust-stemmers==0.1.8
    # via fastembed
pydantic==2.13.5
    # via
    #   ukmoney-rag (pyproject.toml)
    #   fastapi
pydantic-core==2.46.5
    # via pydantic
pygments==2.21.0
    # via pytest
pytest==9.1.1
    # via
    #   ukmoney-rag (pyproject.toml)
    #   pytest-cov
pytest-cov==7.1.0
    # via ukmoney-rag (pyproject.toml)
python-discovery==1.6.1
    # via virtualenv
pyyaml==6.0.3
    # via
    #   huggingface-hub
    #   pre-commit
requests==2.34.2
    # via fastembed
ruff==0.16.10
    # via ukmoney-rag (pyproject.toml)
sortedcontainers==2.4.0
    # via hypothesis
soupsieve==2.10
    # via beautifulsoup4
starlette==1.7.0
    # via fastapi
tenacity==9.1.4
    # via ukmoney-rag (pyproject.toml)
tokenizers==0.23.2
    # via fastembed
tqdm==4.70.1
    # via
    #   fastembed
    #   huggingface-hub
typing-extensions==4.16.0
    # via
    #   anyio
    #   beautifulsoup4
    #   fastapi
    #   huggingface-hub
    #   mypy
    #   opentelemetry-api
    #   pydantic
    #   pydantic-core
    #   starlette
    #   typing-inspection
typing-inspection==0.4.4
    # via
    #   fastapi
    #   pydantic
urllib3==2.8.0
    # via requests
uvicorn==0.54.0
    # via ukmoney-rag (pyproject.toml)
virtualenv==21.14.2
    # via pre-commit
